
Microsoft Visual Studio Solution File, Format Version 12.00
# Visual Studio 2013
VisualStudioVersion = 12.0.31101.0
MinimumVisualStudioVersion = 10.0.40219.1
Project("{FAE04EC0-301F-11D3-BF4B-00C04F79EFBC}") = "Patterns.Repository.Web.Mvc.Client", "Patterns.Repository.Web.Mvc.Client\Patterns.Repository.Web.Mvc.Client.csproj", "{94027B1B-C767-402B-A055-E3C58DF42F63}"
EndProject
Project("{FAE04EC0-301F-11D3-BF4B-00C04F79EFBC}") = "Patterns.Repository.Data", "Patterns.Repository.Data\Patterns.Repository.Data.csproj", "{8E389DEF-4BC1-4388-B0E0-9EDEA53CFC52}"
EndProject
Project("{FAE04EC0-301F-11D3-BF4B-00C04F79EFBC}") = "Patterns.Repository.Contract", "Patterns.Repository.Contract\Patterns.Repository.Contract.csproj", "{FCF09257-A1C4-41DC-AD74-549AA4B0EC9D}"
EndProject
Project("{FAE04EC0-301F-11D3-BF4B-00C04F79EFBC}") = "Patterns.Repository.Model", "Patterns.Repository.Model\Patterns.Repository.Model.csproj", "{8A72B9C9-574B-4959-A6B8-8754ABA9762C}"
EndProject
Global
	GlobalSection(SolutionConfigurationPlatforms) = preSolution
		Debug|Any CPU = Debug|Any CPU
		Release|Any CPU = Release|Any CPU
	EndGlobalSection
	GlobalSection(ProjectConfigurationPlatforms) = postSolution
		{94027B1B-C767-402B-A055-E3C58DF42F63}.Debug|Any CPU.ActiveCfg = Debug|Any CPU
		{94027B1B-C767-402B-A055-E3C58DF42F63}.Debug|Any CPU.Build.0 = Debug|Any CPU
		{94027B1B-C767-402B-A055-E3C58DF42F63}.Release|Any CPU.ActiveCfg = Release|Any CPU
		{94027B1B-C767-402B-A055-E3C58DF42F63}.Release|Any CPU.Build.0 = Release|Any CPU
		{8E389DEF-4BC1-4388-B0E0-9EDEA53CFC52}.Debug|Any CPU.ActiveCfg = Debug|Any CPU
		{8E389DEF-4BC1-4388-B0E0-9EDEA53CFC52}.Debug|Any CPU.Build.0 = Debug|Any CPU
		{8E389DEF-4BC1-4388-B0E0-9EDEA53CFC52}.Release|Any CPU.ActiveCfg = Release|Any CPU
		{8E389DEF-4BC1-4388-B0E0-9EDEA53CFC52}.Release|Any CPU.Build.0 = Release|Any CPU
		{FCF09257-A1C4-41DC-AD74-549AA4B0EC9D}.Debug|Any CPU.ActiveCfg = Debug|Any CPU
		{FCF09257-A1C4-41DC-AD74-549AA4B0EC9D}.Debug|Any CPU.Build.0 = Debug|Any CPU
		{FCF09257-A1C4-41DC-AD74-549AA4B0EC9D}.Release|Any CPU.ActiveCfg = Release|Any CPU
		{FCF09257-A1C4-41DC-AD74-549AA4B0EC9D}.Release|Any CPU.Build.0 = Release|Any CPU
		{8A72B9C9-574B-4959-A6B8-8754ABA9762C}.Debug|Any CPU.ActiveCfg = Debug|Any CPU
		{8A72B9C9-574B-4959-A6B8-8754ABA9762C}.Debug|Any CPU.Build.0 = Debug|Any CPU
		{8A72B9C9-574B-4959-A6B8-8754ABA9762C}.Release|Any CPU.ActiveCfg = Release|Any CPU
		{8A72B9C9-574B-4959-A6B8-8754ABA9762C}.Release|Any CPU.Build.0 = Release|Any CPU
	EndGlobalSection
	GlobalSection(SolutionProperties) = preSolution
		HideSolutionNode = FALSE
	EndGlobalSection
EndGlobal
